
Microsoft Visual Studio Solution File, Format Version 12.00
Project("{FAE04EC0-301F-11D3-BF4B-00C04F79EFBC}") = "Application", "backend\Application\Application.csproj", "{7B5DED89-9E26-45CE-91F6-77D288B90143}"
EndProject
Project("{FAE04EC0-301F-11D3-BF4B-00C04F79EFBC}") = "Service-FrontApi", "backend\Services\FrontApi\FrontApi.csproj", "{3102590B-4BB2-4A2D-9816-9219DBF197F0}"
EndProject
Project("{FAE04EC0-301F-11D3-BF4B-00C04F79EFBC}") = "Domain", "backend\Domain\Domain.csproj", "{FA9C924B-9AE3-4D84-8534-2438AFBB8C1B}"
EndProject
Project("{FAE04EC0-301F-11D3-BF4B-00C04F79EFBC}") = "Processor", "backend\Processor\Processor.csproj", "{AC21D19C-E3EF-4A79-9EBD-231E5884A405}"
EndProject
Project("{FAE04EC0-301F-11D3-BF4B-00C04F79EFBC}") = "Processor.test", "backend\Processor.test\Processor.test.csproj", "{88D42AA0-E769-4384-84FF-D7FD2634C5AA}"
EndProject
Project("{FAE04EC0-301F-11D3-BF4B-00C04F79EFBC}") = "FrontApiRealTime", "backend\Services\FrontApiRealTime\FrontApiRealTime.csproj", "{694BC51D-5C77-4F80-AD27-F66F745DC63E}"
EndProject
Project("{2150E333-8FDC-42A3-9474-1A3956D46DE8}") = "Services", "Services", "{29026282-730D-4279-944A-D8F1F82D7E11}"
EndProject
Project("{2150E333-8FDC-42A3-9474-1A3956D46DE8}") = "Common", "Common", "{DF7C171B-50B1-439A-855E-7CA85633E6E7}"
EndProject
Project("{2150E333-8FDC-42A3-9474-1A3956D46DE8}") = "Processors", "Processors", "{19BCF434-06B5-4FC6-9C20-15DA42A5619F}"
EndProject
Project("{FAE04EC0-301F-11D3-BF4B-00C04F79EFBC}") = "DevopsTools", "backend\Services\DevopsTools\DevopsTools.csproj", "{AD5EFB51-56DE-4BD4-A38F-C707C4D9BDD0}"
EndProject
Global
	GlobalSection(SolutionConfigurationPlatforms) = preSolution
		Debug|Any CPU = Debug|Any CPU
		Release|Any CPU = Release|Any CPU
	EndGlobalSection
	GlobalSection(ProjectConfigurationPlatforms) = postSolution
		{7959F5D1-9D0E-4F58-B23C-E3B28801DD9D}.Debug|Any CPU.ActiveCfg = Debug|Any CPU
		{7959F5D1-9D0E-4F58-B23C-E3B28801DD9D}.Debug|Any CPU.Build.0 = Debug|Any CPU
		{7959F5D1-9D0E-4F58-B23C-E3B28801DD9D}.Release|Any CPU.ActiveCfg = Release|Any CPU
		{7959F5D1-9D0E-4F58-B23C-E3B28801DD9D}.Release|Any CPU.Build.0 = Release|Any CPU
		{7B5DED89-9E26-45CE-91F6-77D288B90143}.Debug|Any CPU.ActiveCfg = Debug|Any CPU
		{7B5DED89-9E26-45CE-91F6-77D288B90143}.Debug|Any CPU.Build.0 = Debug|Any CPU
		{7B5DED89-9E26-45CE-91F6-77D288B90143}.Release|Any CPU.ActiveCfg = Release|Any CPU
		{7B5DED89-9E26-45CE-91F6-77D288B90143}.Release|Any CPU.Build.0 = Release|Any CPU
		{45680998-9EB0-49E4-B2B9-DD4BAF2461F7}.Debug|Any CPU.ActiveCfg = Debug|Any CPU
		{45680998-9EB0-49E4-B2B9-DD4BAF2461F7}.Debug|Any CPU.Build.0 = Debug|Any CPU
		{45680998-9EB0-49E4-B2B9-DD4BAF2461F7}.Release|Any CPU.ActiveCfg = Release|Any CPU
		{45680998-9EB0-49E4-B2B9-DD4BAF2461F7}.Release|Any CPU.Build.0 = Release|Any CPU
		{3102590B-4BB2-4A2D-9816-9219DBF197F0}.Debug|Any CPU.ActiveCfg = Debug|Any CPU
		{3102590B-4BB2-4A2D-9816-9219DBF197F0}.Debug|Any CPU.Build.0 = Debug|Any CPU
		{3102590B-4BB2-4A2D-9816-9219DBF197F0}.Release|Any CPU.ActiveCfg = Release|Any CPU
		{3102590B-4BB2-4A2D-9816-9219DBF197F0}.Release|Any CPU.Build.0 = Release|Any CPU
		{FA9C924B-9AE3-4D84-8534-2438AFBB8C1B}.Debug|Any CPU.ActiveCfg = Debug|Any CPU
		{FA9C924B-9AE3-4D84-8534-2438AFBB8C1B}.Debug|Any CPU.Build.0 = Debug|Any CPU
		{FA9C924B-9AE3-4D84-8534-2438AFBB8C1B}.Release|Any CPU.ActiveCfg = Release|Any CPU
		{FA9C924B-9AE3-4D84-8534-2438AFBB8C1B}.Release|Any CPU.Build.0 = Release|Any CPU
		{AC21D19C-E3EF-4A79-9EBD-231E5884A405}.Debug|Any CPU.ActiveCfg = Debug|Any CPU
		{AC21D19C-E3EF-4A79-9EBD-231E5884A405}.Debug|Any CPU.Build.0 = Debug|Any CPU
		{AC21D19C-E3EF-4A79-9EBD-231E5884A405}.Release|Any CPU.ActiveCfg = Release|Any CPU
		{AC21D19C-E3EF-4A79-9EBD-231E5884A405}.Release|Any CPU.Build.0 = Release|Any CPU
		{88D42AA0-E769-4384-84FF-D7FD2634C5AA}.Debug|Any CPU.ActiveCfg = Debug|Any CPU
		{88D42AA0-E769-4384-84FF-D7FD2634C5AA}.Debug|Any CPU.Build.0 = Debug|Any CPU
		{88D42AA0-E769-4384-84FF-D7FD2634C5AA}.Release|Any CPU.ActiveCfg = Release|Any CPU
		{88D42AA0-E769-4384-84FF-D7FD2634C5AA}.Release|Any CPU.Build.0 = Release|Any CPU
		{694BC51D-5C77-4F80-AD27-F66F745DC63E}.Debug|Any CPU.ActiveCfg = Debug|Any CPU
		{694BC51D-5C77-4F80-AD27-F66F745DC63E}.Debug|Any CPU.Build.0 = Debug|Any CPU
		{694BC51D-5C77-4F80-AD27-F66F745DC63E}.Release|Any CPU.ActiveCfg = Release|Any CPU
		{694BC51D-5C77-4F80-AD27-F66F745DC63E}.Release|Any CPU.Build.0 = Release|Any CPU
		{AD5EFB51-56DE-4BD4-A38F-C707C4D9BDD0}.Debug|Any CPU.ActiveCfg = Debug|Any CPU
		{AD5EFB51-56DE-4BD4-A38F-C707C4D9BDD0}.Debug|Any CPU.Build.0 = Debug|Any CPU
		{AD5EFB51-56DE-4BD4-A38F-C707C4D9BDD0}.Release|Any CPU.ActiveCfg = Release|Any CPU
		{AD5EFB51-56DE-4BD4-A38F-C707C4D9BDD0}.Release|Any CPU.Build.0 = Release|Any CPU
	EndGlobalSection
	GlobalSection(NestedProjects) = preSolution
		{3102590B-4BB2-4A2D-9816-9219DBF197F0} = {29026282-730D-4279-944A-D8F1F82D7E11}
		{694BC51D-5C77-4F80-AD27-F66F745DC63E} = {29026282-730D-4279-944A-D8F1F82D7E11}
		{7B5DED89-9E26-45CE-91F6-77D288B90143} = {DF7C171B-50B1-439A-855E-7CA85633E6E7}
		{FA9C924B-9AE3-4D84-8534-2438AFBB8C1B} = {DF7C171B-50B1-439A-855E-7CA85633E6E7}
		{AC21D19C-E3EF-4A79-9EBD-231E5884A405} = {19BCF434-06B5-4FC6-9C20-15DA42A5619F}
		{88D42AA0-E769-4384-84FF-D7FD2634C5AA} = {19BCF434-06B5-4FC6-9C20-15DA42A5619F}
		{AD5EFB51-56DE-4BD4-A38F-C707C4D9BDD0} = {29026282-730D-4279-944A-D8F1F82D7E11}
	EndGlobalSection
EndGlobal
